
Microsoft Visual Studio Solution File, Format Version 12.00
# Visual Studio Version 17
VisualStudioVersion = 17.3.32929.385
MinimumVisualStudioVersion = 10.0.40219.1
Project("{FAE04EC0-301F-11D3-BF4B-00C04F79EFBC}") = "SirenSiretVerification2022", "SirenSiretVerification2022\SirenSiretVerification2022.csproj", "{A8B47036-A762-4A84-97DE-794924947EC4}"
EndProject
Project("{FAE04EC0-301F-11D3-BF4B-00C04F79EFBC}") = "SirenSiretVerification2022Test", "TestProject1\SirenSiretVerification2022Test.csproj", "{D83FA2E2-C2B7-4126-9833-847E07C2F7B7}"
EndProject
Global
	GlobalSection(SolutionConfigurationPlatforms) = preSolution
		Debug|Any CPU = Debug|Any CPU
		Release|Any CPU = Release|Any CPU
	EndGlobalSection
	GlobalSection(ProjectConfigurationPlatforms) = postSolution
		{A8B47036-A762-4A84-97DE-794924947EC4}.Debug|Any CPU.ActiveCfg = Debug|Any CPU
		{A8B47036-A762-4A84-97DE-794924947EC4}.Debug|Any CPU.Build.0 = Debug|Any CPU
		{A8B47036-A762-4A84-97DE-794924947EC4}.Release|Any CPU.ActiveCfg = Release|Any CPU
		{A8B47036-A762-4A84-97DE-794924947EC4}.Release|Any CPU.Build.0 = Release|Any CPU
		{D83FA2E2-C2B7-4126-9833-847E07C2F7B7}.Debug|Any CPU.ActiveCfg = Debug|Any CPU
		{D83FA2E2-C2B7-4126-9833-847E07C2F7B7}.Debug|Any CPU.Build.0 = Debug|Any CPU
		{D83FA2E2-C2B7-4126-9833-847E07C2F7B7}.Release|Any CPU.ActiveCfg = Release|Any CPU
		{D83FA2E2-C2B7-4126-9833-847E07C2F7B7}.Release|Any CPU.Build.0 = Release|Any CPU
	EndGlobalSection
	GlobalSection(SolutionProperties) = preSolution
		HideSolutionNode = FALSE
	EndGlobalSection
	GlobalSection(ExtensibilityGlobals) = postSolution
		SolutionGuid = {25826A77-DD10-49FD-A12C-CA1CE283FBE0}
	EndGlobalSection
EndGlobal
